
Microsoft Visual Studio Solution File, Format Version 12.00
# Visual Studio 15
VisualStudioVersion = 15.0.28307.1684
MinimumVisualStudioVersion = 10.0.40219.1
Project("{FAE04EC0-301F-11D3-BF4B-00C04F79EFBC}") = "Branded", "Dungeon\Branded.csproj", "{7831810A-1D1F-4C43-93F2-E1DAD4880226}"
EndProject
Project("{FAE04EC0-301F-11D3-BF4B-00C04F79EFBC}") = "MonsterLibrary", "MonsterLibrary\MonsterLibrary.csproj", "{183D4354-053E-4AAB-A364-E58C801321AF}"
EndProject
Project("{FAE04EC0-301F-11D3-BF4B-00C04F79EFBC}") = "DungeonLibrary", "DungeonLibrary\DungeonLibrary.csproj", "{62F08680-E009-4556-B0F5-EFA207F3BD41}"
EndProject
Global
	GlobalSection(SolutionConfigurationPlatforms) = preSolution
		Debug|Any CPU = Debug|Any CPU
		Release|Any CPU = Release|Any CPU
	EndGlobalSection
	GlobalSection(ProjectConfigurationPlatforms) = postSolution
		{7831810A-1D1F-4C43-93F2-E1DAD4880226}.Debug|Any CPU.ActiveCfg = Debug|Any CPU
		{7831810A-1D1F-4C43-93F2-E1DAD4880226}.Debug|Any CPU.Build.0 = Debug|Any CPU
		{7831810A-1D1F-4C43-93F2-E1DAD4880226}.Release|Any CPU.ActiveCfg = Release|Any CPU
		{7831810A-1D1F-4C43-93F2-E1DAD4880226}.Release|Any CPU.Build.0 = Release|Any CPU
		{183D4354-053E-4AAB-A364-E58C801321AF}.Debug|Any CPU.ActiveCfg = Debug|Any CPU
		{183D4354-053E-4AAB-A364-E58C801321AF}.Debug|Any CPU.Build.0 = Debug|Any CPU
		{183D4354-053E-4AAB-A364-E58C801321AF}.Release|Any CPU.ActiveCfg = Release|Any CPU
		{183D4354-053E-4AAB-A364-E58C801321AF}.Release|Any CPU.Build.0 = Release|Any CPU
		{62F08680-E009-4556-B0F5-EFA207F3BD41}.Debug|Any CPU.ActiveCfg = Debug|Any CPU
		{62F08680-E009-4556-B0F5-EFA207F3BD41}.Debug|Any CPU.Build.0 = Debug|Any CPU
		{62F08680-E009-4556-B0F5-EFA207F3BD41}.Release|Any CPU.ActiveCfg = Release|Any CPU
		{62F08680-E009-4556-B0F5-EFA207F3BD41}.Release|Any CPU.Build.0 = Release|Any CPU
	EndGlobalSection
	GlobalSection(SolutionProperties) = preSolution
		HideSolutionNode = FALSE
	EndGlobalSection
	GlobalSection(ExtensibilityGlobals) = postSolution
		SolutionGuid = {8E00A0ED-E777-42D0-AA85-F4BF2E05BBA6}
	EndGlobalSection
EndGlobal
